
Microsoft Visual Studio Solution File, Format Version 12.00
# Visual Studio 15
Project("{FAE04EC0-301F-11D3-BF4B-00C04F79EFBC}") = "ElenorServer", "ElenorServer\ElenorServer.csproj", "{1A98DF12-255F-4323-9BA5-3FE8EB04F912}"
EndProject
Project("{FAE04EC0-301F-11D3-BF4B-00C04F79EFBC}") = "Contracts", "Contracts\Contracts.csproj", "{D376A7EF-154A-4B92-800F-F4D7A34DAB27}"
EndProject
Project("{FAE04EC0-301F-11D3-BF4B-00C04F79EFBC}") = "LoggerService", "LoggerService\LoggerService.csproj", "{E98DC95E-A007-4C13-A9BF-72EC978E0F29}"
EndProject
Project("{FAE04EC0-301F-11D3-BF4B-00C04F79EFBC}") = "Entities", "Entities\Entities.csproj", "{C87AF967-C29A-49A7-B144-3F7DFF08F54E}"
EndProject
Project("{FAE04EC0-301F-11D3-BF4B-00C04F79EFBC}") = "Repository", "Repository\Repository.csproj", "{966ADC31-72E6-410C-ABEB-3734E2EC6487}"
EndProject
Global
	GlobalSection(SolutionConfigurationPlatforms) = preSolution
		Debug|Any CPU = Debug|Any CPU
		Release|Any CPU = Release|Any CPU
	EndGlobalSection
	GlobalSection(ProjectConfigurationPlatforms) = postSolution
		{1A98DF12-255F-4323-9BA5-3FE8EB04F912}.Debug|Any CPU.ActiveCfg = Debug|Any CPU
		{1A98DF12-255F-4323-9BA5-3FE8EB04F912}.Debug|Any CPU.Build.0 = Debug|Any CPU
		{1A98DF12-255F-4323-9BA5-3FE8EB04F912}.Release|Any CPU.ActiveCfg = Release|Any CPU
		{1A98DF12-255F-4323-9BA5-3FE8EB04F912}.Release|Any CPU.Build.0 = Release|Any CPU
		{D376A7EF-154A-4B92-800F-F4D7A34DAB27}.Debug|Any CPU.ActiveCfg = Debug|Any CPU
		{D376A7EF-154A-4B92-800F-F4D7A34DAB27}.Debug|Any CPU.Build.0 = Debug|Any CPU
		{D376A7EF-154A-4B92-800F-F4D7A34DAB27}.Release|Any CPU.ActiveCfg = Release|Any CPU
		{D376A7EF-154A-4B92-800F-F4D7A34DAB27}.Release|Any CPU.Build.0 = Release|Any CPU
		{E98DC95E-A007-4C13-A9BF-72EC978E0F29}.Debug|Any CPU.ActiveCfg = Debug|Any CPU
		{E98DC95E-A007-4C13-A9BF-72EC978E0F29}.Debug|Any CPU.Build.0 = Debug|Any CPU
		{E98DC95E-A007-4C13-A9BF-72EC978E0F29}.Release|Any CPU.ActiveCfg = Release|Any CPU
		{E98DC95E-A007-4C13-A9BF-72EC978E0F29}.Release|Any CPU.Build.0 = Release|Any CPU
		{C87AF967-C29A-49A7-B144-3F7DFF08F54E}.Debug|Any CPU.ActiveCfg = Debug|Any CPU
		{C87AF967-C29A-49A7-B144-3F7DFF08F54E}.Debug|Any CPU.Build.0 = Debug|Any CPU
		{C87AF967-C29A-49A7-B144-3F7DFF08F54E}.Release|Any CPU.ActiveCfg = Release|Any CPU
		{C87AF967-C29A-49A7-B144-3F7DFF08F54E}.Release|Any CPU.Build.0 = Release|Any CPU
		{966ADC31-72E6-410C-ABEB-3734E2EC6487}.Debug|Any CPU.ActiveCfg = Debug|Any CPU
		{966ADC31-72E6-410C-ABEB-3734E2EC6487}.Debug|Any CPU.Build.0 = Debug|Any CPU
		{966ADC31-72E6-410C-ABEB-3734E2EC6487}.Release|Any CPU.ActiveCfg = Release|Any CPU
		{966ADC31-72E6-410C-ABEB-3734E2EC6487}.Release|Any CPU.Build.0 = Release|Any CPU
	EndGlobalSection
EndGlobal
