
Microsoft Visual Studio Solution File, Format Version 12.00
# Visual Studio 15
Project("{FAE04EC0-301F-11D3-BF4B-00C04F79EFBC}") = "ElenorServer", "ElenorServer\ElenorServer.csproj", "{424DE558-CC1B-40A7-AA32-AF685CBF2CB1}"
EndProject
Project("{FAE04EC0-301F-11D3-BF4B-00C04F79EFBC}") = "Contracts", "Contracts\Contracts.csproj", "{A8523FBE-3FAA-41F8-9585-4B5A8C55D10B}"
EndProject
Project("{FAE04EC0-301F-11D3-BF4B-00C04F79EFBC}") = "LoggerService", "LoggerService\LoggerService.csproj", "{5677A35B-B282-47D3-BA50-3DA26C3C6D01}"
EndProject
Project("{FAE04EC0-301F-11D3-BF4B-00C04F79EFBC}") = "Entities", "Entities\Entities.csproj", "{02D6409B-66A6-4738-8FCE-2316DF1DA2CC}"
EndProject
Project("{FAE04EC0-301F-11D3-BF4B-00C04F79EFBC}") = "Repository", "Repository\Repository.csproj", "{6A20D597-152B-4208-AE82-CA4F81D082A8}"
EndProject
Project("{FAE04EC0-301F-11D3-BF4B-00C04F79EFBC}") = "ElenorServer.Tests", "ElenorServer.Tests\ElenorServer.Tests.csproj", "{0C4C7127-899E-4B98-B326-8116F5054807}"
EndProject
Project("{FAE04EC0-301F-11D3-BF4B-00C04F79EFBC}") = "Services", "Services\Services.csproj", "{323BB470-0820-44BF-A14E-404F6570F743}"
EndProject
Global
	GlobalSection(SolutionConfigurationPlatforms) = preSolution
		Debug|Any CPU = Debug|Any CPU
		Release|Any CPU = Release|Any CPU
	EndGlobalSection
	GlobalSection(ProjectConfigurationPlatforms) = postSolution
		{424DE558-CC1B-40A7-AA32-AF685CBF2CB1}.Debug|Any CPU.ActiveCfg = Debug|Any CPU
		{424DE558-CC1B-40A7-AA32-AF685CBF2CB1}.Debug|Any CPU.Build.0 = Debug|Any CPU
		{424DE558-CC1B-40A7-AA32-AF685CBF2CB1}.Release|Any CPU.ActiveCfg = Release|Any CPU
		{424DE558-CC1B-40A7-AA32-AF685CBF2CB1}.Release|Any CPU.Build.0 = Release|Any CPU
		{A8523FBE-3FAA-41F8-9585-4B5A8C55D10B}.Debug|Any CPU.ActiveCfg = Debug|Any CPU
		{A8523FBE-3FAA-41F8-9585-4B5A8C55D10B}.Debug|Any CPU.Build.0 = Debug|Any CPU
		{A8523FBE-3FAA-41F8-9585-4B5A8C55D10B}.Release|Any CPU.ActiveCfg = Release|Any CPU
		{A8523FBE-3FAA-41F8-9585-4B5A8C55D10B}.Release|Any CPU.Build.0 = Release|Any CPU
		{5677A35B-B282-47D3-BA50-3DA26C3C6D01}.Debug|Any CPU.ActiveCfg = Debug|Any CPU
		{5677A35B-B282-47D3-BA50-3DA26C3C6D01}.Debug|Any CPU.Build.0 = Debug|Any CPU
		{5677A35B-B282-47D3-BA50-3DA26C3C6D01}.Release|Any CPU.ActiveCfg = Release|Any CPU
		{5677A35B-B282-47D3-BA50-3DA26C3C6D01}.Release|Any CPU.Build.0 = Release|Any CPU
		{02D6409B-66A6-4738-8FCE-2316DF1DA2CC}.Debug|Any CPU.ActiveCfg = Debug|Any CPU
		{02D6409B-66A6-4738-8FCE-2316DF1DA2CC}.Debug|Any CPU.Build.0 = Debug|Any CPU
		{02D6409B-66A6-4738-8FCE-2316DF1DA2CC}.Release|Any CPU.ActiveCfg = Release|Any CPU
		{02D6409B-66A6-4738-8FCE-2316DF1DA2CC}.Release|Any CPU.Build.0 = Release|Any CPU
		{6A20D597-152B-4208-AE82-CA4F81D082A8}.Debug|Any CPU.ActiveCfg = Debug|Any CPU
		{6A20D597-152B-4208-AE82-CA4F81D082A8}.Debug|Any CPU.Build.0 = Debug|Any CPU
		{6A20D597-152B-4208-AE82-CA4F81D082A8}.Release|Any CPU.ActiveCfg = Release|Any CPU
		{6A20D597-152B-4208-AE82-CA4F81D082A8}.Release|Any CPU.Build.0 = Release|Any CPU
		{0C4C7127-899E-4B98-B326-8116F5054807}.Debug|Any CPU.ActiveCfg = Debug|Any CPU
		{0C4C7127-899E-4B98-B326-8116F5054807}.Debug|Any CPU.Build.0 = Debug|Any CPU
		{0C4C7127-899E-4B98-B326-8116F5054807}.Release|Any CPU.ActiveCfg = Release|Any CPU
		{0C4C7127-899E-4B98-B326-8116F5054807}.Release|Any CPU.Build.0 = Release|Any CPU
		{323BB470-0820-44BF-A14E-404F6570F743}.Debug|Any CPU.ActiveCfg = Debug|Any CPU
		{323BB470-0820-44BF-A14E-404F6570F743}.Debug|Any CPU.Build.0 = Debug|Any CPU
		{323BB470-0820-44BF-A14E-404F6570F743}.Release|Any CPU.ActiveCfg = Release|Any CPU
		{323BB470-0820-44BF-A14E-404F6570F743}.Release|Any CPU.Build.0 = Release|Any CPU
	EndGlobalSection
EndGlobal
